
Microsoft Visual Studio Solution File, Format Version 12.00
# Visual Studio Version 17
VisualStudioVersion = 17.2.32519.379
MinimumVisualStudioVersion = 10.0.40219.1
Project("{FAE04EC0-301F-11D3-BF4B-00C04F79EFBC}") = "Zadanie", "Zadanie\Zadanie.csproj", "{8628B103-ECD4-4053-B75A-6494DB8BC393}"
EndProject
Global
	GlobalSection(SolutionConfigurationPlatforms) = preSolution
		Debug|Any CPU = Debug|Any CPU
		Release|Any CPU = Release|Any CPU
	EndGlobalSection
	GlobalSection(ProjectConfigurationPlatforms) = postSolution
		{8628B103-ECD4-4053-B75A-6494DB8BC393}.Debug|Any CPU.ActiveCfg = Debug|Any CPU
		{8628B103-ECD4-4053-B75A-6494DB8BC393}.Debug|Any CPU.Build.0 = Debug|Any CPU
		{8628B103-ECD4-4053-B75A-6494DB8BC393}.Release|Any CPU.ActiveCfg = Release|Any CPU
		{8628B103-ECD4-4053-B75A-6494DB8BC393}.Release|Any CPU.Build.0 = Release|Any CPU
	EndGlobalSection
	GlobalSection(SolutionProperties) = preSolution
		HideSolutionNode = FALSE
	EndGlobalSection
	GlobalSection(ExtensibilityGlobals) = postSolution
		SolutionGuid = {2E0ADEA1-1CFD-471A-AEA7-78B4A9E3E56D}
	EndGlobalSection
EndGlobal
